{
  "version": 4,
  "terraform_version": "1.5.7",
  "serial": 4,
  "lineage": "28597a97-a015-52f7-e274-2cc77a4adbe6",
  "outputs": {
    "ip_address": {
      "value": "10.128.0.23",
      "type": "string"
    }
  },
  "resources": [
    {
      "mode": "managed",
      "type": "yandex_compute_instance",
      "name": "vm-1",
      "provider": "provider[\"registry.terraform.io/yandex-cloud/yandex\"]",
      "instances": [
        {
          "schema_version": 1,
          "attributes": {
            "allow_recreate": null,
            "allow_stopping_for_update": null,
            "boot_disk": [
              {
                "auto_delete": true,
                "device_name": "fhmptk119lg3r1vrn471",
                "disk_id": "fhmptk119lg3r1vrn471",
                "initialize_params": [
                  {
                    "block_size": 4096,
                    "description": "",
                    "image_id": "fd80qm01ah03dkqb14lc",
                    "name": "",
                    "size": 30,
                    "snapshot_id": "",
                    "type": "network-hdd"
                  }
                ],
                "mode": "READ_WRITE"
              }
            ],
            "created_at": "2024-04-12T14:43:20Z",
            "description": "",
            "filesystem": [],
            "folder_id": "b1gmkburmg469kko92tq",
            "fqdn": "fhmu1s6da72da3bjbcc1.auto.internal",
            "gpu_cluster_id": "",
            "hostname": "",
            "id": "fhmu1s6da72da3bjbcc1",
            "labels": {},
            "local_disk": [],
            "maintenance_grace_period": "",
            "maintenance_policy": null,
            "metadata": {
              "ssh-keys": "ubuntu:ssh-rsa AAAAB3NzaC1yc2EAAAADAQABAAABgQCtONBRZZb3Ot5KXGZtNT6OE5/FYs2tCZV3KmaMYk4bDTjZEBmPJYz3Py39JnR8P+UHDF0H+VHDK+I3CE5c3hUEFqBBh2ICEAndx4A3GVtdClfkHqgPMlb8tjjfV5rRO5rT8ukbPZfl1VUpQEvt4grxvzRjoTToV3MGLQ9VvYevI6vmwcai2ss9/8ZHMjQrTShCiZVjObEDASABxDm9CvlKUQbAgfMgXd0JsQw/h/PqinSn02gBQ5f8vTjxU/6Lm+sJbvhgkQBFhVv2fkpkTCGqT0n4tBWLv8vg9jpiNFhfv5YJFcEvyDzafIBsxLejCHnoqGYrAwxjnkcQnWmB6npPek4uCtrCj/XKPBvTPXQoA3nktgHlvyt9tm+gpZ4/WcFR+gwI+kWNQRBg43E7yNLk7rjMFSZwKXSq6+c4t4GX4dL0jbr4TOsDza/rjnKnqd+P9TFBl5bJqRCnuh+EXkUrJS8nSz4/f2m2spkt16AOmxE9ReLkeJJvRnGRiF5OjyE= student@fhm12iutaehd83piugpu\n"
            },
            "metadata_options": [
              {
                "aws_v1_http_endpoint": 1,
                "aws_v1_http_token": 2,
                "gce_http_endpoint": 1,
                "gce_http_token": 1
              }
            ],
            "name": "chapter7-lesson2-std-006-10",
            "network_acceleration_type": "standard",
            "network_interface": [
              {
                "dns_record": [],
                "index": 0,
                "ip_address": "10.128.0.23",
                "ipv4": true,
                "ipv6": false,
                "ipv6_address": "",
                "ipv6_dns_record": [],
                "mac_address": "d0:0d:1e:0f:0c:d5",
                "nat": false,
                "nat_dns_record": [],
                "nat_ip_address": "",
                "nat_ip_version": "",
                "security_group_ids": [],
                "subnet_id": "e9bfsi41ajqfhjbbmulg"
              }
            ],
            "placement_policy": [
              {
                "host_affinity_rules": [],
                "placement_group_id": "",
                "placement_group_partition": 0
              }
            ],
            "platform_id": "standard-v1",
            "resources": [
              {
                "core_fraction": 100,
                "cores": 2,
                "gpus": 0,
                "memory": 2
              }
            ],
            "scheduling_policy": [
              {
                "preemptible": false
              }
            ],
            "secondary_disk": [],
            "service_account_id": "",
            "status": "running",
            "timeouts": null,
            "zone": "ru-central1-a"
          },
          "sensitive_attributes": [],
          "private": "eyJlMmJmYjczMC1lY2FhLTExZTYtOGY4OC0zNDM2M2JjN2M0YzAiOnsiY3JlYXRlIjozMDAwMDAwMDAwMDAsImRlbGV0ZSI6MzAwMDAwMDAwMDAwLCJ1cGRhdGUiOjMwMDAwMDAwMDAwMH0sInNjaGVtYV92ZXJzaW9uIjoiMSJ9"
        }
      ]
    }
  ],
  "check_results": null
}
